
Microsoft Visual Studio Solution File, Format Version 12.00
# Visual Studio Version 17
VisualStudioVersion = 17.9.34723.18
MinimumVisualStudioVersion = 10.0.40219.1
Project("{FAE04EC0-301F-11D3-BF4B-00C04F79EFBC}") = "Project", "Project/Project.csproj", "{EA446CA3-B744-4FC8-9114-49155EBE13B3}"
EndProject
Global
	GlobalSection(SolutionConfigurationPlatforms) = preSolution
		Debug|Any CPU = Debug|Any CPU
		Release|Any CPU = Release|Any CPU
	EndGlobalSection
	GlobalSection(ProjectConfigurationPlatforms) = postSolution
		{EA446CA3-B744-4FC8-9114-49155EBE13B3}.Debug|Any CPU.ActiveCfg = Debug|Any CPU
		{EA446CA3-B744-4FC8-9114-49155EBE13B3}.Debug|Any CPU.Build.0 = Debug|Any CPU
		{EA446CA3-B744-4FC8-9114-49155EBE13B3}.Release|Any CPU.ActiveCfg = Release|Any CPU
		{EA446CA3-B744-4FC8-9114-49155EBE13B3}.Release|Any CPU.Build.0 = Release|Any CPU
	EndGlobalSection
	GlobalSection(SolutionProperties) = preSolution
		HideSolutionNode = FALSE
	EndGlobalSection
	GlobalSection(ExtensibilityGlobals) = postSolution
		SolutionGuid = {89A9EA69-E269-4019-A2AF-7B95CEA9D725}
	EndGlobalSection
EndGlobal
